// !$*UTF8*$!
{
	archiveVersion = 1;
	classes = {
	};
	objectVersion = 48;
	objects = {

/* Begin PBXBuildFile section */
		21790CE420A6B77E00FD2CD1 /* SignInViewController+viewModel.swift in Sources */ = {isa = PBXBuildFile; fileRef = 21790CE320A6B77E00FD2CD1 /* SignInViewController+viewModel.swift */; };
		21790CE620A6B79800FD2CD1 /* SignInViewController+UI.swift in Sources */ = {isa = PBXBuildFile; fileRef = 21790CE520A6B79800FD2CD1 /* SignInViewController+UI.swift */; };
		21790CE820A6B8AD00FD2CD1 /* User.swift in Sources */ = {isa = PBXBuildFile; fileRef = 21790CE720A6B8AD00FD2CD1 /* User.swift */; };
		21790CE920A6B96D00FD2CD1 /* User.swift in Sources */ = {isa = PBXBuildFile; fileRef = 21790CE720A6B8AD00FD2CD1 /* User.swift */; };
		21790CED20A6BB5100FD2CD1 /* String+extensions.swift in Sources */ = {isa = PBXBuildFile; fileRef = 21790CEC20A6BB5100FD2CD1 /* String+extensions.swift */; };
		21790CEE20A6BB5100FD2CD1 /* String+extensions.swift in Sources */ = {isa = PBXBuildFile; fileRef = 21790CEC20A6BB5100FD2CD1 /* String+extensions.swift */; };
		21790CF020A6C4F500FD2CD1 /* Observable+extensions.swift in Sources */ = {isa = PBXBuildFile; fileRef = 21790CEF20A6C4F500FD2CD1 /* Observable+extensions.swift */; };
		21790CF120A6C4F500FD2CD1 /* Observable+extensions.swift in Sources */ = {isa = PBXBuildFile; fileRef = 21790CEF20A6C4F500FD2CD1 /* Observable+extensions.swift */; };
		21D7E286209E2E850065B9CC /* AppDelegate.swift in Sources */ = {isa = PBXBuildFile; fileRef = 21D7E285209E2E850065B9CC /* AppDelegate.swift */; };
		21D7E28B209E2E850065B9CC /* Main.storyboard in Resources */ = {isa = PBXBuildFile; fileRef = 21D7E289209E2E850065B9CC /* Main.storyboard */; };
		21D7E28D209E2E850065B9CC /* Assets.xcassets in Resources */ = {isa = PBXBuildFile; fileRef = 21D7E28C209E2E850065B9CC /* Assets.xcassets */; };
		21D7E290209E2E850065B9CC /* LaunchScreen.storyboard in Resources */ = {isa = PBXBuildFile; fileRef = 21D7E28E209E2E850065B9CC /* LaunchScreen.storyboard */; };
		21D7E2AA209E33BF0065B9CC /* SignInReactor.swift in Sources */ = {isa = PBXBuildFile; fileRef = 21D7E2A9209E33BF0065B9CC /* SignInReactor.swift */; };
		21D7E2AB209E33BF0065B9CC /* SignInReactor.swift in Sources */ = {isa = PBXBuildFile; fileRef = 21D7E2A9209E33BF0065B9CC /* SignInReactor.swift */; };
		21D7E2B2209E35400065B9CC /* SignInReactorTests.swift in Sources */ = {isa = PBXBuildFile; fileRef = 21D7E2B0209E35400065B9CC /* SignInReactorTests.swift */; };
		21D7E2B7209E362F0065B9CC /* AuthRepositoryType.swift in Sources */ = {isa = PBXBuildFile; fileRef = 21D7E2B6209E362F0065B9CC /* AuthRepositoryType.swift */; };
		21D7E2B8209E362F0065B9CC /* AuthRepositoryType.swift in Sources */ = {isa = PBXBuildFile; fileRef = 21D7E2B6209E362F0065B9CC /* AuthRepositoryType.swift */; };
		21D7E2BA209E364C0065B9CC /* AuthRepository.swift in Sources */ = {isa = PBXBuildFile; fileRef = 21D7E2B9209E364C0065B9CC /* AuthRepository.swift */; };
		21D7E2BE209E373E0065B9CC /* SignInViewController.swift in Sources */ = {isa = PBXBuildFile; fileRef = 21D7E2BD209E373E0065B9CC /* SignInViewController.swift */; };
		21D7E2C0209E38750065B9CC /* AuthRepositoryStub.swift in Sources */ = {isa = PBXBuildFile; fileRef = 21D7E2BF209E38750065B9CC /* AuthRepositoryStub.swift */; };
		273026926617F77CCD87FDE7 /* Pods_ReactorKitTestsExample_ReactorKitTestsExampleTests.framework in Frameworks */ = {isa = PBXBuildFile; fileRef = F5C23F0823DCE84786BDC50C /* Pods_ReactorKitTestsExample_ReactorKitTestsExampleTests.framework */; };
		88AFACEFE033DC664A14C271 /* Pods_ReactorKitTestsExample.framework in Frameworks */ = {isa = PBXBuildFile; fileRef = 0D07317E094421246778234B /* Pods_ReactorKitTestsExample.framework */; };
		C171A9CF6D81D3706564943A /* Pods_ReactorKitTestsExampleTests.framework in Frameworks */ = {isa = PBXBuildFile; fileRef = CB31FD65972613D6A2E18F05 /* Pods_ReactorKitTestsExampleTests.framework */; };
/* End PBXBuildFile section */

/* Begin PBXContainerItemProxy section */
		21D7E297209E2E850065B9CC /* PBXContainerItemProxy */ = {
			isa = PBXContainerItemProxy;
			containerPortal = 21D7E27A209E2E850065B9CC /* Project object */;
			proxyType = 1;
			remoteGlobalIDString = 21D7E281209E2E850065B9CC;
			remoteInfo = ReactorKitTestsExample;
		};
/* End PBXContainerItemProxy section */

/* Begin PBXFileReference section */
		0B2C0DCFF39C2EA69F79C90A /* Pods-ReactorKitTestsExample.release.xcconfig */ = {isa = PBXFileReference; includeInIndex = 1; lastKnownFileType = text.xcconfig; name = "Pods-ReactorKitTestsExample.release.xcconfig"; path = "Pods/Target Support Files/Pods-ReactorKitTestsExample/Pods-ReactorKitTestsExample.release.xcconfig"; sourceTree = "<group>"; };
		0D07317E094421246778234B /* Pods_ReactorKitTestsExample.framework */ = {isa = PBXFileReference; explicitFileType = wrapper.framework; includeInIndex = 0; path = Pods_ReactorKitTestsExample.framework; sourceTree = BUILT_PRODUCTS_DIR; };
		0FAE1B96DF1E7AF5032D3CF7 /* Pods-ReactorKitTestsExampleTests.debug.xcconfig */ = {isa = PBXFileReference; includeInIndex = 1; lastKnownFileType = text.xcconfig; name = "Pods-ReactorKitTestsExampleTests.debug.xcconfig"; path = "Pods/Target Support Files/Pods-ReactorKitTestsExampleTests/Pods-ReactorKitTestsExampleTests.debug.xcconfig"; sourceTree = "<group>"; };
		1FE633440FB547DAEBC617C1 /* Pods-ReactorKitTestsExampleTests.release.xcconfig */ = {isa = PBXFileReference; includeInIndex = 1; lastKnownFileType = text.xcconfig; name = "Pods-ReactorKitTestsExampleTests.release.xcconfig"; path = "Pods/Target Support Files/Pods-ReactorKitTestsExampleTests/Pods-ReactorKitTestsExampleTests.release.xcconfig"; sourceTree = "<group>"; };
		21790CE320A6B77E00FD2CD1 /* SignInViewController+viewModel.swift */ = {isa = PBXFileReference; lastKnownFileType = sourcecode.swift; path = "SignInViewController+viewModel.swift"; sourceTree = "<group>"; };
		21790CE520A6B79800FD2CD1 /* SignInViewController+UI.swift */ = {isa = PBXFileReference; lastKnownFileType = sourcecode.swift; path = "SignInViewController+UI.swift"; sourceTree = "<group>"; };
		21790CE720A6B8AD00FD2CD1 /* User.swift */ = {isa = PBXFileReference; lastKnownFileType = sourcecode.swift; path = User.swift; sourceTree = "<group>"; };
		21790CEC20A6BB5100FD2CD1 /* String+extensions.swift */ = {isa = PBXFileReference; lastKnownFileType = sourcecode.swift; path = "String+extensions.swift"; sourceTree = "<group>"; };
		21790CEF20A6C4F500FD2CD1 /* Observable+extensions.swift */ = {isa = PBXFileReference; lastKnownFileType = sourcecode.swift; path = "Observable+extensions.swift"; sourceTree = "<group>"; };
		21D7E282209E2E850065B9CC /* ReactorKitTestsExample.app */ = {isa = PBXFileReference; explicitFileType = wrapper.application; includeInIndex = 0; path = ReactorKitTestsExample.app; sourceTree = BUILT_PRODUCTS_DIR; };
		21D7E285209E2E850065B9CC /* AppDelegate.swift */ = {isa = PBXFileReference; lastKnownFileType = sourcecode.swift; path = AppDelegate.swift; sourceTree = "<group>"; };
		21D7E28A209E2E850065B9CC /* Base */ = {isa = PBXFileReference; lastKnownFileType = file.storyboard; name = Base; path = Base.lproj/Main.storyboard; sourceTree = "<group>"; };
		21D7E28C209E2E850065B9CC /* Assets.xcassets */ = {isa = PBXFileReference; lastKnownFileType = folder.assetcatalog; path = Assets.xcassets; sourceTree = "<group>"; };
		21D7E28F209E2E850065B9CC /* Base */ = {isa = PBXFileReference; lastKnownFileType = file.storyboard; name = Base; path = Base.lproj/LaunchScreen.storyboard; sourceTree = "<group>"; };
		21D7E291209E2E850065B9CC /* Info.plist */ = {isa = PBXFileReference; lastKnownFileType = text.plist.xml; path = Info.plist; sourceTree = "<group>"; };
		21D7E296209E2E850065B9CC /* ReactorKitTestsExampleTests.xctest */ = {isa = PBXFileReference; explicitFileType = wrapper.cfbundle; includeInIndex = 0; path = ReactorKitTestsExampleTests.xctest; sourceTree = BUILT_PRODUCTS_DIR; };
		21D7E29C209E2E850065B9CC /* Info.plist */ = {isa = PBXFileReference; lastKnownFileType = text.plist.xml; path = Info.plist; sourceTree = "<group>"; };
		21D7E2A9209E33BF0065B9CC /* SignInReactor.swift */ = {isa = PBXFileReference; lastKnownFileType = sourcecode.swift; path = SignInReactor.swift; sourceTree = "<group>"; };
		21D7E2B0209E35400065B9CC /* SignInReactorTests.swift */ = {isa = PBXFileReference; lastKnownFileType = sourcecode.swift; path = SignInReactorTests.swift; sourceTree = "<group>"; };
		21D7E2B6209E362F0065B9CC /* AuthRepositoryType.swift */ = {isa = PBXFileReference; lastKnownFileType = sourcecode.swift; path = AuthRepositoryType.swift; sourceTree = "<group>"; };
		21D7E2B9209E364C0065B9CC /* AuthRepository.swift */ = {isa = PBXFileReference; lastKnownFileType = sourcecode.swift; path = AuthRepository.swift; sourceTree = "<group>"; };
		21D7E2BD209E373E0065B9CC /* SignInViewController.swift */ = {isa = PBXFileReference; lastKnownFileType = sourcecode.swift; path = SignInViewController.swift; sourceTree = "<group>"; };
		21D7E2BF209E38750065B9CC /* AuthRepositoryStub.swift */ = {isa = PBXFileReference; lastKnownFileType = sourcecode.swift; path = AuthRepositoryStub.swift; sourceTree = "<group>"; };
		5A3AEAC8FFBD3BF3C920F357 /* Pods-ReactorKitTestsExample.debug.xcconfig */ = {isa = PBXFileReference; includeInIndex = 1; lastKnownFileType = text.xcconfig; name = "Pods-ReactorKitTestsExample.debug.xcconfig"; path = "Pods/Target Support Files/Pods-ReactorKitTestsExample/Pods-ReactorKitTestsExample.debug.xcconfig"; sourceTree = "<group>"; };
		5DBFC4727E3A0D202E2ADD5D /* Pods-ReactorKitTestsExample-ReactorKitTestsExampleTests.release.xcconfig */ = {isa = PBXFileReference; includeInIndex = 1; lastKnownFileType = text.xcconfig; name = "Pods-ReactorKitTestsExample-ReactorKitTestsExampleTests.release.xcconfig"; path = "Pods/Target Support Files/Pods-ReactorKitTestsExample-ReactorKitTestsExampleTests/Pods-ReactorKitTestsExample-ReactorKitTestsExampleTests.release.xcconfig"; sourceTree = "<group>"; };
		CB31FD65972613D6A2E18F05 /* Pods_ReactorKitTestsExampleTests.framework */ = {isa = PBXFileReference; explicitFileType = wrapper.framework; includeInIndex = 0; path = Pods_ReactorKitTestsExampleTests.framework; sourceTree = BUILT_PRODUCTS_DIR; };
		E58ABB1615E8F84A1985BC07 /* Pods-ReactorKitTestsExample-ReactorKitTestsExampleTests.debug.xcconfig */ = {isa = PBXFileReference; includeInIndex = 1; lastKnownFileType = text.xcconfig; name = "Pods-ReactorKitTestsExample-ReactorKitTestsExampleTests.debug.xcconfig"; path = "Pods/Target Support Files/Pods-ReactorKitTestsExample-ReactorKitTestsExampleTests/Pods-ReactorKitTestsExample-ReactorKitTestsExampleTests.debug.xcconfig"; sourceTree = "<group>"; };
		F5C23F0823DCE84786BDC50C /* Pods_ReactorKitTestsExample_ReactorKitTestsExampleTests.framework */ = {isa = PBXFileReference; explicitFileType = wrapper.framework; includeInIndex = 0; path = Pods_ReactorKitTestsExample_ReactorKitTestsExampleTests.framework; sourceTree = BUILT_PRODUCTS_DIR; };
/* End PBXFileReference section */

/* Begin PBXFrameworksBuildPhase section */
		21D7E27F209E2E850065B9CC /* Frameworks */ = {
			isa = PBXFrameworksBuildPhase;
			buildActionMask = 2147483647;
			files = (
				88AFACEFE033DC664A14C271 /* Pods_ReactorKitTestsExample.framework in Frameworks */,
			);
			runOnlyForDeploymentPostprocessing = 0;
		};
		21D7E293209E2E850065B9CC /* Frameworks */ = {
			isa = PBXFrameworksBuildPhase;
			buildActionMask = 2147483647;
			files = (
				C171A9CF6D81D3706564943A /* Pods_ReactorKitTestsExampleTests.framework in Frameworks */,
				273026926617F77CCD87FDE7 /* Pods_ReactorKitTestsExample_ReactorKitTestsExampleTests.framework in Frameworks */,
			);
			runOnlyForDeploymentPostprocessing = 0;
		};
/* End PBXFrameworksBuildPhase section */

/* Begin PBXGroup section */
		21790CEA20A6BB3A00FD2CD1 /* Helpers */ = {
			isa = PBXGroup;
			children = (
				21790CEB20A6BB3F00FD2CD1 /* Extensions */,
			);
			path = Helpers;
			sourceTree = "<group>";
		};
		21790CEB20A6BB3F00FD2CD1 /* Extensions */ = {
			isa = PBXGroup;
			children = (
				21790CEC20A6BB5100FD2CD1 /* String+extensions.swift */,
				21790CEF20A6C4F500FD2CD1 /* Observable+extensions.swift */,
			);
			path = Extensions;
			sourceTree = "<group>";
		};
		21D7E279209E2E850065B9CC = {
			isa = PBXGroup;
			children = (
				21D7E284209E2E850065B9CC /* ReactorKitTestsExample */,
				21D7E299209E2E850065B9CC /* ReactorKitTestsExampleTests */,
				21D7E283209E2E850065B9CC /* Products */,
				BB2E6A407E7F311D4B767A65 /* Pods */,
				B80753A84962660719074EC9 /* Frameworks */,
			);
			sourceTree = "<group>";
		};
		21D7E283209E2E850065B9CC /* Products */ = {
			isa = PBXGroup;
			children = (
				21D7E282209E2E850065B9CC /* ReactorKitTestsExample.app */,
				21D7E296209E2E850065B9CC /* ReactorKitTestsExampleTests.xctest */,
			);
			name = Products;
			sourceTree = "<group>";
		};
		21D7E284209E2E850065B9CC /* ReactorKitTestsExample */ = {
			isa = PBXGroup;
			children = (
				21790CEA20A6BB3A00FD2CD1 /* Helpers */,
				21D7E2AD209E34B80065B9CC /* Repositories */,
				21D7E2A5209E334A0065B9CC /* Screens */,
				21D7E285209E2E850065B9CC /* AppDelegate.swift */,
				21D7E289209E2E850065B9CC /* Main.storyboard */,
				21D7E28C209E2E850065B9CC /* Assets.xcassets */,
				21D7E28E209E2E850065B9CC /* LaunchScreen.storyboard */,
				21D7E291209E2E850065B9CC /* Info.plist */,
			);
			path = ReactorKitTestsExample;
			sourceTree = "<group>";
		};
		21D7E299209E2E850065B9CC /* ReactorKitTestsExampleTests */ = {
			isa = PBXGroup;
			children = (
				21D7E2AE209E34C20065B9CC /* ReactorTests */,
				21D7E2AC209E34B00065B9CC /* Stubs */,
				21D7E29C209E2E850065B9CC /* Info.plist */,
			);
			path = ReactorKitTestsExampleTests;
			sourceTree = "<group>";
		};
		21D7E2A5209E334A0065B9CC /* Screens */ = {
			isa = PBXGroup;
			children = (
				21D7E2A6209E33510065B9CC /* SignIn */,
			);
			path = Screens;
			sourceTree = "<group>";
		};
		21D7E2A6209E33510065B9CC /* SignIn */ = {
			isa = PBXGroup;
			children = (
				21D7E2BC209E372E0065B9CC /* Views */,
				21D7E2A8209E33750065B9CC /* Reactor */,
			);
			path = SignIn;
			sourceTree = "<group>";
		};
		21D7E2A8209E33750065B9CC /* Reactor */ = {
			isa = PBXGroup;
			children = (
				21D7E2A9209E33BF0065B9CC /* SignInReactor.swift */,
			);
			path = Reactor;
			sourceTree = "<group>";
		};
		21D7E2AC209E34B00065B9CC /* Stubs */ = {
			isa = PBXGroup;
			children = (
				21D7E2B3209E35500065B9CC /* StubbedRepositories */,
			);
			path = Stubs;
			sourceTree = "<group>";
		};
		21D7E2AD209E34B80065B9CC /* Repositories */ = {
			isa = PBXGroup;
			children = (
				21D7E2B5209E361D0065B9CC /* Auth */,
			);
			path = Repositories;
			sourceTree = "<group>";
		};
		21D7E2AE209E34C20065B9CC /* ReactorTests */ = {
			isa = PBXGroup;
			children = (
				21D7E2AF209E35300065B9CC /* SignIn */,
			);
			path = ReactorTests;
			sourceTree = "<group>";
		};
		21D7E2AF209E35300065B9CC /* SignIn */ = {
			isa = PBXGroup;
			children = (
				21D7E2B0209E35400065B9CC /* SignInReactorTests.swift */,
			);
			path = SignIn;
			sourceTree = "<group>";
		};
		21D7E2B3209E35500065B9CC /* StubbedRepositories */ = {
			isa = PBXGroup;
			children = (
				21D7E2B4209E36080065B9CC /* AuthRepositoryStub */,
			);
			path = StubbedRepositories;
			sourceTree = "<group>";
		};
		21D7E2B4209E36080065B9CC /* AuthRepositoryStub */ = {
			isa = PBXGroup;
			children = (
				21D7E2BF209E38750065B9CC /* AuthRepositoryStub.swift */,
			);
			path = AuthRepositoryStub;
			sourceTree = "<group>";
		};
		21D7E2B5209E361D0065B9CC /* Auth */ = {
			isa = PBXGroup;
			children = (
				21D7E2B6209E362F0065B9CC /* AuthRepositoryType.swift */,
				21D7E2B9209E364C0065B9CC /* AuthRepository.swift */,
				21790CE720A6B8AD00FD2CD1 /* User.swift */,
			);
			path = Auth;
			sourceTree = "<group>";
		};
		21D7E2BC209E372E0065B9CC /* Views */ = {
			isa = PBXGroup;
			children = (
				21D7E2BD209E373E0065B9CC /* SignInViewController.swift */,
				21790CE320A6B77E00FD2CD1 /* SignInViewController+viewModel.swift */,
				21790CE520A6B79800FD2CD1 /* SignInViewController+UI.swift */,
			);
			path = Views;
			sourceTree = "<group>";
		};
		B80753A84962660719074EC9 /* Frameworks */ = {
			isa = PBXGroup;
			children = (
				0D07317E094421246778234B /* Pods_ReactorKitTestsExample.framework */,
				CB31FD65972613D6A2E18F05 /* Pods_ReactorKitTestsExampleTests.framework */,
				F5C23F0823DCE84786BDC50C /* Pods_ReactorKitTestsExample_ReactorKitTestsExampleTests.framework */,
			);
			name = Frameworks;
			sourceTree = "<group>";
		};
		BB2E6A407E7F311D4B767A65 /* Pods */ = {
			isa = PBXGroup;
			children = (
				5A3AEAC8FFBD3BF3C920F357 /* Pods-ReactorKitTestsExample.debug.xcconfig */,
				0B2C0DCFF39C2EA69F79C90A /* Pods-ReactorKitTestsExample.release.xcconfig */,
				0FAE1B96DF1E7AF5032D3CF7 /* Pods-ReactorKitTestsExampleTests.debug.xcconfig */,
				1FE633440FB547DAEBC617C1 /* Pods-ReactorKitTestsExampleTests.release.xcconfig */,
				E58ABB1615E8F84A1985BC07 /* Pods-ReactorKitTestsExample-ReactorKitTestsExampleTests.debug.xcconfig */,
				5DBFC4727E3A0D202E2ADD5D /* Pods-ReactorKitTestsExample-ReactorKitTestsExampleTests.release.xcconfig */,
			);
			name = Pods;
			sourceTree = "<group>";
		};
/* End PBXGroup section */

/* Begin PBXNativeTarget section */
		21D7E281209E2E850065B9CC /* ReactorKitTestsExample */ = {
			isa = PBXNativeTarget;
			buildConfigurationList = 21D7E29F209E2E850065B9CC /* Build configuration list for PBXNativeTarget "ReactorKitTestsExample" */;
			buildPhases = (
				58F9BECEE34CAC86376751CA /* [CP] Check Pods Manifest.lock */,
				21D7E27E209E2E850065B9CC /* Sources */,
				21D7E27F209E2E850065B9CC /* Frameworks */,
				21D7E280209E2E850065B9CC /* Resources */,
				F03EC59DCA1512F36D27D5C8 /* [CP] Embed Pods Frameworks */,
			);
			buildRules = (
			);
			dependencies = (
			);
			name = ReactorKitTestsExample;
			productName = ReactorKitTestsExample;
			productReference = 21D7E282209E2E850065B9CC /* ReactorKitTestsExample.app */;
			productType = "com.apple.product-type.application";
		};
		21D7E295209E2E850065B9CC /* ReactorKitTestsExampleTests */ = {
			isa = PBXNativeTarget;
			buildConfigurationList = 21D7E2A2209E2E850065B9CC /* Build configuration list for PBXNativeTarget "ReactorKitTestsExampleTests" */;
			buildPhases = (
				E731BE1AC5D0B0F20DC32663 /* [CP] Check Pods Manifest.lock */,
				21D7E292209E2E850065B9CC /* Sources */,
				21D7E293209E2E850065B9CC /* Frameworks */,
				21D7E294209E2E850065B9CC /* Resources */,
				44C81A3A1FC588A826707BFC /* [CP] Embed Pods Frameworks */,
			);
			buildRules = (
			);
			dependencies = (
				21D7E298209E2E850065B9CC /* PBXTargetDependency */,
			);
			name = ReactorKitTestsExampleTests;
			productName = ReactorKitTestsExampleTests;
			productReference = 21D7E296209E2E850065B9CC /* ReactorKitTestsExampleTests.xctest */;
			productType = "com.apple.product-type.bundle.unit-test";
		};
/* End PBXNativeTarget section */

/* Begin PBXProject section */
		21D7E27A209E2E850065B9CC /* Project object */ = {
			isa = PBXProject;
			attributes = {
				LastSwiftUpdateCheck = 0920;
				LastUpgradeCheck = 0930;
				ORGANIZATIONNAME = "Sourav Chandra";
				TargetAttributes = {
					21D7E281209E2E850065B9CC = {
						CreatedOnToolsVersion = 9.2;
						ProvisioningStyle = Automatic;
					};
					21D7E295209E2E850065B9CC = {
						CreatedOnToolsVersion = 9.2;
						ProvisioningStyle = Automatic;
						TestTargetID = 21D7E281209E2E850065B9CC;
					};
				};
			};
			buildConfigurationList = 21D7E27D209E2E850065B9CC /* Build configuration list for PBXProject "ReactorKitTestsExample" */;
			compatibilityVersion = "Xcode 8.0";
			developmentRegion = en;
			hasScannedForEncodings = 0;
			knownRegions = (
				en,
				Base,
			);
			mainGroup = 21D7E279209E2E850065B9CC;
			productRefGroup = 21D7E283209E2E850065B9CC /* Products */;
			projectDirPath = "";
			projectRoot = "";
			targets = (
				21D7E281209E2E850065B9CC /* ReactorKitTestsExample */,
				21D7E295209E2E850065B9CC /* ReactorKitTestsExampleTests */,
			);
		};
/* End PBXProject section */

/* Begin PBXResourcesBuildPhase section */
		21D7E280209E2E850065B9CC /* Resources */ = {
			isa = PBXResourcesBuildPhase;
			buildActionMask = 2147483647;
			files = (
				21D7E290209E2E850065B9CC /* LaunchScreen.storyboard in Resources */,
				21D7E28D209E2E850065B9CC /* Assets.xcassets in Resources */,
				21D7E28B209E2E850065B9CC /* Main.storyboard in Resources */,
			);
			runOnlyForDeploymentPostprocessing = 0;
		};
		21D7E294209E2E850065B9CC /* Resources */ = {
			isa = PBXResourcesBuildPhase;
			buildActionMask = 2147483647;
			files = (
			);
			runOnlyForDeploymentPostprocessing = 0;
		};
/* End PBXResourcesBuildPhase section */

/* Begin PBXShellScriptBuildPhase section */
		44C81A3A1FC588A826707BFC /* [CP] Embed Pods Frameworks */ = {
			isa = PBXShellScriptBuildPhase;
			buildActionMask = 2147483647;
			files = (
			);
			inputPaths = (
				"${SRCROOT}/Pods/Target Support Files/Pods-ReactorKitTestsExample-ReactorKitTestsExampleTests/Pods-ReactorKitTestsExample-ReactorKitTestsExampleTests-frameworks.sh",
				"${BUILT_PRODUCTS_DIR}/ReactorKit/ReactorKit.framework",
				"${BUILT_PRODUCTS_DIR}/RxCocoa/RxCocoa.framework",
				"${BUILT_PRODUCTS_DIR}/RxSwift/RxSwift.framework",
				"${BUILT_PRODUCTS_DIR}/Nimble/Nimble.framework",
				"${BUILT_PRODUCTS_DIR}/Quick/Quick.framework",
				"${BUILT_PRODUCTS_DIR}/RxBlocking/RxBlocking.framework",
				"${BUILT_PRODUCTS_DIR}/Stubber/Stubber.framework",
			);
			name = "[CP] Embed Pods Frameworks";
			outputPaths = (
				"${TARGET_BUILD_DIR}/${FRAMEWORKS_FOLDER_PATH}/ReactorKit.framework",
				"${TARGET_BUILD_DIR}/${FRAMEWORKS_FOLDER_PATH}/RxCocoa.framework",
				"${TARGET_BUILD_DIR}/${FRAMEWORKS_FOLDER_PATH}/RxSwift.framework",
				"${TARGET_BUILD_DIR}/${FRAMEWORKS_FOLDER_PATH}/Nimble.framework",
				"${TARGET_BUILD_DIR}/${FRAMEWORKS_FOLDER_PATH}/Quick.framework",
				"${TARGET_BUILD_DIR}/${FRAMEWORKS_FOLDER_PATH}/RxBlocking.framework",
				"${TARGET_BUILD_DIR}/${FRAMEWORKS_FOLDER_PATH}/Stubber.framework",
			);
			runOnlyForDeploymentPostprocessing = 0;
			shellPath = /bin/sh;
			shellScript = "\"${SRCROOT}/Pods/Target Support Files/Pods-ReactorKitTestsExample-ReactorKitTestsExampleTests/Pods-ReactorKitTestsExample-ReactorKitTestsExampleTests-frameworks.sh\"\n";
			showEnvVarsInLog = 0;
		};
		58F9BECEE34CAC86376751CA /* [CP] Check Pods Manifest.lock */ = {
			isa = PBXShellScriptBuildPhase;
			buildActionMask = 2147483647;
			files = (
			);
			inputPaths = (
				"${PODS_PODFILE_DIR_PATH}/Podfile.lock",
				"${PODS_ROOT}/Manifest.lock",
			);
			name = "[CP] Check Pods Manifest.lock";
			outputPaths = (
				"$(DERIVED_FILE_DIR)/Pods-ReactorKitTestsExample-checkManifestLockResult.txt",
			);
			runOnlyForDeploymentPostprocessing = 0;
			shellPath = /bin/sh;
			shellScript = "diff \"${PODS_PODFILE_DIR_PATH}/Podfile.lock\" \"${PODS_ROOT}/Manifest.lock\" > /dev/null\nif [ $? != 0 ] ; then\n    # print error to STDERR\n    echo \"error: The sandbox is not in sync with the Podfile.lock. Run 'pod install' or update your CocoaPods installation.\" >&2\n    exit 1\nfi\n# This output is used by Xcode 'outputs' to avoid re-running this script phase.\necho \"SUCCESS\" > \"${SCRIPT_OUTPUT_FILE_0}\"\n";
			showEnvVarsInLog = 0;
		};
		E731BE1AC5D0B0F20DC32663 /* [CP] Check Pods Manifest.lock */ = {
			isa = PBXShellScriptBuildPhase;
			buildActionMask = 2147483647;
			files = (
			);
			inputPaths = (
				"${PODS_PODFILE_DIR_PATH}/Podfile.lock",
				"${PODS_ROOT}/Manifest.lock",
			);
			name = "[CP] Check Pods Manifest.lock";
			outputPaths = (
				"$(DERIVED_FILE_DIR)/Pods-ReactorKitTestsExample-ReactorKitTestsExampleTests-checkManifestLockResult.txt",
			);
			runOnlyForDeploymentPostprocessing = 0;
			shellPath = /bin/sh;
			shellScript = "diff \"${PODS_PODFILE_DIR_PATH}/Podfile.lock\" \"${PODS_ROOT}/Manifest.lock\" > /dev/null\nif [ $? != 0 ] ; then\n    # print error to STDERR\n    echo \"error: The sandbox is not in sync with the Podfile.lock. Run 'pod install' or update your CocoaPods installation.\" >&2\n    exit 1\nfi\n# This output is used by Xcode 'outputs' to avoid re-running this script phase.\necho \"SUCCESS\" > \"${SCRIPT_OUTPUT_FILE_0}\"\n";
			showEnvVarsInLog = 0;
		};
		F03EC59DCA1512F36D27D5C8 /* [CP] Embed Pods Frameworks */ = {
			isa = PBXShellScriptBuildPhase;
			buildActionMask = 2147483647;
			files = (
			);
			inputPaths = (
				"${SRCROOT}/Pods/Target Support Files/Pods-ReactorKitTestsExample/Pods-ReactorKitTestsExample-frameworks.sh",
				"${BUILT_PRODUCTS_DIR}/ReactorKit/ReactorKit.framework",
				"${BUILT_PRODUCTS_DIR}/RxCocoa/RxCocoa.framework",
				"${BUILT_PRODUCTS_DIR}/RxSwift/RxSwift.framework",
			);
			name = "[CP] Embed Pods Frameworks";
			outputPaths = (
				"${TARGET_BUILD_DIR}/${FRAMEWORKS_FOLDER_PATH}/ReactorKit.framework",
				"${TARGET_BUILD_DIR}/${FRAMEWORKS_FOLDER_PATH}/RxCocoa.framework",
				"${TARGET_BUILD_DIR}/${FRAMEWORKS_FOLDER_PATH}/RxSwift.framework",
			);
			runOnlyForDeploymentPostprocessing = 0;
			shellPath = /bin/sh;
			shellScript = "\"${SRCROOT}/Pods/Target Support Files/Pods-ReactorKitTestsExample/Pods-ReactorKitTestsExample-frameworks.sh\"\n";
			showEnvVarsInLog = 0;
		};
/* End PBXShellScriptBuildPhase section */

/* Begin PBXSourcesBuildPhase section */
		21D7E27E209E2E850065B9CC /* Sources */ = {
			isa = PBXSourcesBuildPhase;
			buildActionMask = 2147483647;
			files = (
				21D7E2AA209E33BF0065B9CC /* SignInReactor.swift in Sources */,
				21790CE620A6B79800FD2CD1 /* SignInViewController+UI.swift in Sources */,
				21D7E2BE209E373E0065B9CC /* SignInViewController.swift in Sources */,
				21D7E2BA209E364C0065B9CC /* AuthRepository.swift in Sources */,
				21790CE820A6B8AD00FD2CD1 /* User.swift in Sources */,
				21790CE420A6B77E00FD2CD1 /* SignInViewController+viewModel.swift in Sources */,
				21D7E2B7209E362F0065B9CC /* AuthRepositoryType.swift in Sources */,
				21790CED20A6BB5100FD2CD1 /* String+extensions.swift in Sources */,
				21790CF020A6C4F500FD2CD1 /* Observable+extensions.swift in Sources */,
				21D7E286209E2E850065B9CC /* AppDelegate.swift in Sources */,
			);
			runOnlyForDeploymentPostprocessing = 0;
		};
		21D7E292209E2E850065B9CC /* Sources */ = {
			isa = PBXSourcesBuildPhase;
			buildActionMask = 2147483647;
			files = (
				21D7E2B8209E362F0065B9CC /* AuthRepositoryType.swift in Sources */,
				21790CF120A6C4F500FD2CD1 /* Observable+extensions.swift in Sources */,
				21D7E2B2209E35400065B9CC /* SignInReactorTests.swift in Sources */,
				21D7E2AB209E33BF0065B9CC /* SignInReactor.swift in Sources */,
				21790CE920A6B96D00FD2CD1 /* User.swift in Sources */,
				21790CEE20A6BB5100FD2CD1 /* String+extensions.swift in Sources */,
				21D7E2C0209E38750065B9CC /* AuthRepositoryStub.swift in Sources */,
			);
			runOnlyForDeploymentPostprocessing = 0;
		};
/* End PBXSourcesBuildPhase section */

/* Begin PBXTargetDependency section */
		21D7E298209E2E850065B9CC /* PBXTargetDependency */ = {
			isa = PBXTargetDependency;
			target = 21D7E281209E2E850065B9CC /* ReactorKitTestsExample */;
			targetProxy = 21D7E297209E2E850065B9CC /* PBXContainerItemProxy */;
		};
/* End PBXTargetDependency section */

/* Begin PBXVariantGroup section */
		21D7E289209E2E850065B9CC /* Main.storyboard */ = {
			isa = PBXVariantGroup;
			children = (
				21D7E28A209E2E850065B9CC /* Base */,
			);
			name = Main.storyboard;
			sourceTree = "<group>";
		};
		21D7E28E209E2E850065B9CC /* LaunchScreen.storyboard */ = {
			isa = PBXVariantGroup;
			children = (
				21D7E28F209E2E850065B9CC /* Base */,
			);
			name = LaunchScreen.storyboard;
			sourceTree = "<group>";
		};
/* End PBXVariantGroup section */

/* Begin XCBuildConfiguration section */
		21D7E29D209E2E850065B9CC /* Debug */ = {
			isa = XCBuildConfiguration;
			buildSettings = {
				ALWAYS_SEARCH_USER_PATHS = NO;
				CLANG_ANALYZER_NONNULL = YES;
				CLANG_ANALYZER_NUMBER_OBJECT_CONVERSION = YES_AGGRESSIVE;
				CLANG_CXX_LANGUAGE_STANDARD = "gnu++14";
				CLANG_CXX_LIBRARY = "libc++";
				CLANG_ENABLE_MODULES = YES;
				CLANG_ENABLE_OBJC_ARC = YES;
				CLANG_WARN_BLOCK_CAPTURE_AUTORELEASING = YES;
				CLANG_WARN_BOOL_CONVERSION = YES;
				CLANG_WARN_COMMA = YES;
				CLANG_WARN_CONSTANT_CONVERSION = YES;
				CLANG_WARN_DEPRECATED_OBJC_IMPLEMENTATIONS = YES;
				CLANG_WARN_DIRECT_OBJC_ISA_USAGE = YES_ERROR;
				CLANG_WARN_DOCUMENTATION_COMMENTS = YES;
				CLANG_WARN_EMPTY_BODY = YES;
				CLANG_WARN_ENUM_CONVERSION = YES;
				CLANG_WARN_INFINITE_RECURSION = YES;
				CLANG_WARN_INT_CONVERSION = YES;
				CLANG_WARN_NON_LITERAL_NULL_CONVERSION = YES;
				CLANG_WARN_OBJC_IMPLICIT_RETAIN_SELF = YES;
				CLANG_WARN_OBJC_LITERAL_CONVERSION = YES;
				CLANG_WARN_OBJC_ROOT_CLASS = YES_ERROR;
				CLANG_WARN_RANGE_LOOP_ANALYSIS = YES;
				CLANG_WARN_STRICT_PROTOTYPES = YES;
				CLANG_WARN_SUSPICIOUS_MOVE = YES;
				CLANG_WARN_UNGUARDED_AVAILABILITY = YES_AGGRESSIVE;
				CLANG_WARN_UNREACHABLE_CODE = YES;
				CLANG_WARN__DUPLICATE_METHOD_MATCH = YES;
				CODE_SIGN_IDENTITY = "iPhone Developer";
				COPY_PHASE_STRIP = NO;
				DEBUG_INFORMATION_FORMAT = dwarf;
				ENABLE_STRICT_OBJC_MSGSEND = YES;
				ENABLE_TESTABILITY = YES;
				GCC_C_LANGUAGE_STANDARD = gnu11;
				GCC_DYNAMIC_NO_PIC = NO;
				GCC_NO_COMMON_BLOCKS = YES;
				GCC_OPTIMIZATION_LEVEL = 0;
				GCC_PREPROCESSOR_DEFINITIONS = (
					"DEBUG=1",
					"$(inherited)",
				);
				GCC_WARN_64_TO_32_BIT_CONVERSION = YES;
				GCC_WARN_ABOUT_RETURN_TYPE = YES_ERROR;
				GCC_WARN_UNDECLARED_SELECTOR = YES;
				GCC_WARN_UNINITIALIZED_AUTOS = YES_AGGRESSIVE;
				GCC_WARN_UNUSED_FUNCTION = YES;
				GCC_WARN_UNUSED_VARIABLE = YES;
				IPHONEOS_DEPLOYMENT_TARGET = 11.2;
				MTL_ENABLE_DEBUG_INFO = YES;
				ONLY_ACTIVE_ARCH = YES;
				SDKROOT = iphoneos;
				SWIFT_ACTIVE_COMPILATION_CONDITIONS = DEBUG;
				SWIFT_OPTIMIZATION_LEVEL = "-Onone";
			};
			name = Debug;
		};
		21D7E29E209E2E850065B9CC /* Release */ = {
			isa = XCBuildConfiguration;
			buildSettings = {
				ALWAYS_SEARCH_USER_PATHS = NO;
				CLANG_ANALYZER_NONNULL = YES;
				CLANG_ANALYZER_NUMBER_OBJECT_CONVERSION = YES_AGGRESSIVE;
				CLANG_CXX_LANGUAGE_STANDARD = "gnu++14";
				CLANG_CXX_LIBRARY = "libc++";
				CLANG_ENABLE_MODULES = YES;
				CLANG_ENABLE_OBJC_ARC = YES;
				CLANG_WARN_BLOCK_CAPTURE_AUTORELEASING = YES;
				CLANG_WARN_BOOL_CONVERSION = YES;
				CLANG_WARN_COMMA = YES;
				CLANG_WARN_CONSTANT_CONVERSION = YES;
				CLANG_WARN_DEPRECATED_OBJC_IMPLEMENTATIONS = YES;
				CLANG_WARN_DIRECT_OBJC_ISA_USAGE = YES_ERROR;
				CLANG_WARN_DOCUMENTATION_COMMENTS = YES;
				CLANG_WARN_EMPTY_BODY = YES;
				CLANG_WARN_ENUM_CONVERSION = YES;
				CLANG_WARN_INFINITE_RECURSION = YES;
				CLANG_WARN_INT_CONVERSION = YES;
				CLANG_WARN_NON_LITERAL_NULL_CONVERSION = YES;
				CLANG_WARN_OBJC_IMPLICIT_RETAIN_SELF = YES;
				CLANG_WARN_OBJC_LITERAL_CONVERSION = YES;
				CLANG_WARN_OBJC_ROOT_CLASS = YES_ERROR;
				CLANG_WARN_RANGE_LOOP_ANALYSIS = YES;
				CLANG_WARN_STRICT_PROTOTYPES = YES;
				CLANG_WARN_SUSPICIOUS_MOVE = YES;
				CLANG_WARN_UNGUARDED_AVAILABILITY = YES_AGGRESSIVE;
				CLANG_WARN_UNREACHABLE_CODE = YES;
				CLANG_WARN__DUPLICATE_METHOD_MATCH = YES;
				CODE_SIGN_IDENTITY = "iPhone Developer";
				COPY_PHASE_STRIP = NO;
				DEBUG_INFORMATION_FORMAT = "dwarf-with-dsym";
				ENABLE_NS_ASSERTIONS = NO;
				ENABLE_STRICT_OBJC_MSGSEND = YES;
				GCC_C_LANGUAGE_STANDARD = gnu11;
				GCC_NO_COMMON_BLOCKS = YES;
				GCC_WARN_64_TO_32_BIT_CONVERSION = YES;
				GCC_WARN_ABOUT_RETURN_TYPE = YES_ERROR;
				GCC_WARN_UNDECLARED_SELECTOR = YES;
				GCC_WARN_UNINITIALIZED_AUTOS = YES_AGGRESSIVE;
				GCC_WARN_UNUSED_FUNCTION = YES;
				GCC_WARN_UNUSED_VARIABLE = YES;
				IPHONEOS_DEPLOYMENT_TARGET = 11.2;
				MTL_ENABLE_DEBUG_INFO = NO;
				SDKROOT = iphoneos;
				SWIFT_OPTIMIZATION_LEVEL = "-Owholemodule";
				VALIDATE_PRODUCT = YES;
			};
			name = Release;
		};
		21D7E2A0209E2E850065B9CC /* Debug */ = {
			isa = XCBuildConfiguration;
			baseConfigurationReference = 5A3AEAC8FFBD3BF3C920F357 /* Pods-ReactorKitTestsExample.debug.xcconfig */;
			buildSettings = {
				ASSETCATALOG_COMPILER_APPICON_NAME = AppIcon;
				CODE_SIGN_STYLE = Automatic;
				DEVELOPMENT_TEAM = EC3AZW8X4Z;
				INFOPLIST_FILE = ReactorKitTestsExample/Info.plist;
				LD_RUNPATH_SEARCH_PATHS = "$(inherited) @executable_path/Frameworks";
				PRODUCT_BUNDLE_IDENTIFIER = com.chanexodus.ReactorKitTestsExample;
				PRODUCT_NAME = "$(TARGET_NAME)";
				SWIFT_VERSION = 4.0;
				TARGETED_DEVICE_FAMILY = "1,2";
			};
			name = Debug;
		};
		21D7E2A1209E2E850065B9CC /* Release */ = {
			isa = XCBuildConfiguration;
			baseConfigurationReference = 0B2C0DCFF39C2EA69F79C90A /* Pods-ReactorKitTestsExample.release.xcconfig */;
			buildSettings = {
				ASSETCATALOG_COMPILER_APPICON_NAME = AppIcon;
				CODE_SIGN_STYLE = Automatic;
				DEVELOPMENT_TEAM = EC3AZW8X4Z;
				INFOPLIST_FILE = ReactorKitTestsExample/Info.plist;
				LD_RUNPATH_SEARCH_PATHS = "$(inherited) @executable_path/Frameworks";
				PRODUCT_BUNDLE_IDENTIFIER = com.chanexodus.ReactorKitTestsExample;
				PRODUCT_NAME = "$(TARGET_NAME)";
				SWIFT_VERSION = 4.0;
				TARGETED_DEVICE_FAMILY = "1,2";
			};
			name = Release;
		};
		21D7E2A3209E2E850065B9CC /* Debug */ = {
			isa = XCBuildConfiguration;
			baseConfigurationReference = E58ABB1615E8F84A1985BC07 /* Pods-ReactorKitTestsExample-ReactorKitTestsExampleTests.debug.xcconfig */;
			buildSettings = {
				ALWAYS_EMBED_SWIFT_STANDARD_LIBRARIES = "$(inherited)";
				BUNDLE_LOADER = "$(TEST_HOST)";
				CODE_SIGN_STYLE = Automatic;
				DEVELOPMENT_TEAM = EC3AZW8X4Z;
				INFOPLIST_FILE = ReactorKitTestsExampleTests/Info.plist;
				LD_RUNPATH_SEARCH_PATHS = "$(inherited) @executable_path/Frameworks @loader_path/Frameworks";
				PRODUCT_BUNDLE_IDENTIFIER = com.chanexodus.ReactorKitTestsExampleTests;
				PRODUCT_NAME = "$(TARGET_NAME)";
				SWIFT_VERSION = 4.0;
				TARGETED_DEVICE_FAMILY = "1,2";
				TEST_HOST = "$(BUILT_PRODUCTS_DIR)/ReactorKitTestsExample.app/ReactorKitTestsExample";
			};
			name = Debug;
		};
		21D7E2A4209E2E850065B9CC /* Release */ = {
			isa = XCBuildConfiguration;
			baseConfigurationReference = 5DBFC4727E3A0D202E2ADD5D /* Pods-ReactorKitTestsExample-ReactorKitTestsExampleTests.release.xcconfig */;
			buildSettings = {
				ALWAYS_EMBED_SWIFT_STANDARD_LIBRARIES = "$(inherited)";
				BUNDLE_LOADER = "$(TEST_HOST)";
				CODE_SIGN_STYLE = Automatic;
				DEVELOPMENT_TEAM = EC3AZW8X4Z;
				INFOPLIST_FILE = ReactorKitTestsExampleTests/Info.plist;
				LD_RUNPATH_SEARCH_PATHS = "$(inherited) @executable_path/Frameworks @loader_path/Frameworks";
				PRODUCT_BUNDLE_IDENTIFIER = com.chanexodus.ReactorKitTestsExampleTests;
				PRODUCT_NAME = "$(TARGET_NAME)";
				SWIFT_VERSION = 4.0;
				TARGETED_DEVICE_FAMILY = "1,2";
				TEST_HOST = "$(BUILT_PRODUCTS_DIR)/ReactorKitTestsExample.app/ReactorKitTestsExample";
			};
			name = Release;
		};
/* End XCBuildConfiguration section */

/* Begin XCConfigurationList section */
		21D7E27D209E2E850065B9CC /* Build configuration list for PBXProject "ReactorKitTestsExample" */ = {
			isa = XCConfigurationList;
			buildConfigurations = (
				21D7E29D209E2E850065B9CC /* Debug */,
				21D7E29E209E2E850065B9CC /* Release */,
			);
			defaultConfigurationIsVisible = 0;
			defaultConfigurationName = Release;
		};
		21D7E29F209E2E850065B9CC /* Build configuration list for PBXNativeTarget "ReactorKitTestsExample" */ = {
			isa = XCConfigurationList;
			buildConfigurations = (
				21D7E2A0209E2E850065B9CC /* Debug */,
				21D7E2A1209E2E850065B9CC /* Release */,
			);
			defaultConfigurationIsVisible = 0;
			defaultConfigurationName = Release;
		};
		21D7E2A2209E2E850065B9CC /* Build configuration list for PBXNativeTarget "ReactorKitTestsExampleTests" */ = {
			isa = XCConfigurationList;
			buildConfigurations = (
				21D7E2A3209E2E850065B9CC /* Debug */,
				21D7E2A4209E2E850065B9CC /* Release */,
			);
			defaultConfigurationIsVisible = 0;
			defaultConfigurationName = Release;
		};
/* End XCConfigurationList section */
	};
	rootObject = 21D7E27A209E2E850065B9CC /* Project object */;
}
